
Microsoft Visual Studio Solution File, Format Version 12.00
# Visual Studio Version 17
VisualStudioVersion = 17.2.32630.192
MinimumVisualStudioVersion = 10.0.40219.1
Project("{FAE04EC0-301F-11D3-BF4B-00C04F79EFBC}") = "DrawingApplication", "DrawingApplication\DrawingApplication.csproj", "{8D10CB02-1BEE-47DF-8896-EED3C584441C}"
EndProject
Global
	GlobalSection(SolutionConfigurationPlatforms) = preSolution
		Debug|Any CPU = Debug|Any CPU
		Release|Any CPU = Release|Any CPU
	EndGlobalSection
	GlobalSection(ProjectConfigurationPlatforms) = postSolution
		{8D10CB02-1BEE-47DF-8896-EED3C584441C}.Debug|Any CPU.ActiveCfg = Debug|Any CPU
		{8D10CB02-1BEE-47DF-8896-EED3C584441C}.Debug|Any CPU.Build.0 = Debug|Any CPU
		{8D10CB02-1BEE-47DF-8896-EED3C584441C}.Release|Any CPU.ActiveCfg = Release|Any CPU
		{8D10CB02-1BEE-47DF-8896-EED3C584441C}.Release|Any CPU.Build.0 = Release|Any CPU
	EndGlobalSection
	GlobalSection(SolutionProperties) = preSolution
		HideSolutionNode = FALSE
	EndGlobalSection
	GlobalSection(ExtensibilityGlobals) = postSolution
		SolutionGuid = {2EC83E4A-867F-43E9-99F4-EB459E351231}
	EndGlobalSection
EndGlobal
